{
  "originHash" : "d3bcd97fb949d46156579a0405076a990002b13a4e62c4423495e3bdde3dc6c8",
  "pins" : [
    {
      "identity" : "microsoft-authentication-library-for-objc",
      "kind" : "remoteSourceControl",
      "location" : "https://github.com/AzureAD/microsoft-authentication-library-for-objc.git",
      "state" : {
        "revision" : "8d4b948242ab2b9a4ad035a0a0005a4200ccec7a",
        "version" : "2.4.1"
      }
    },
    {
      "identity" : "progresshud",
      "kind" : "remoteSourceControl",
      "location" : "https://github.com/relatedcode/ProgressHUD.git",
      "state" : {
        "revision" : "4aa638a88450d6d48a6620070722e875e7a179ef",
        "version" : "14.1.4"
      }
    },
    {
      "identity" : "swiftydropbox",
      "kind" : "remoteSourceControl",
      "location" : "https://github.com/dropbox/SwiftyDropbox.git",
      "state" : {
        "revision" : "fd59387a1af58f42ebf32a8186f717586fe66eac",
        "version" : "10.2.2"
      }
    }
  ],
  "version" : 3
}
