{
  "originHash" : "c76033692ca894b92e8bc0baed49defc4416d918aa3127c8b689da7b2d1bd6e1",
  "pins" : [
    {
      "identity" : "microsoft-authentication-library-for-objc",
      "kind" : "remoteSourceControl",
      "location" : "https://github.com/AzureAD/microsoft-authentication-library-for-objc.git",
      "state" : {
        "revision" : "d1df33963365f42fa2c3d666afb9263a0ac73acf",
        "version" : "2.4.0"
      }
    },
    {
      "identity" : "progresshud",
      "kind" : "remoteSourceControl",
      "location" : "https://github.com/relatedcode/ProgressHUD.git",
      "state" : {
        "revision" : "4aa638a88450d6d48a6620070722e875e7a179ef",
        "version" : "14.1.4"
      }
    },
    {
      "identity" : "swiftydropbox",
      "kind" : "remoteSourceControl",
      "location" : "https://github.com/dropbox/SwiftyDropbox.git",
      "state" : {
        "revision" : "fd59387a1af58f42ebf32a8186f717586fe66eac",
        "version" : "10.2.2"
      }
    }
  ],
  "version" : 3
}
