// !$*UTF8*$!
{
	archiveVersion = 1;
	classes = {
	};
	objectVersion = 70;
	objects = {

/* Begin PBXBuildFile section */
		030BE2E22E8460B8006E3311 /* SwiftyDropbox in Frameworks */ = {isa = PBXBuildFile; productRef = 030BE2E12E8460B8006E3311 /* SwiftyDropbox */; };
		031DE4F72E78757C003222CC /* ProgressHUD in Frameworks */ = {isa = PBXBuildFile; productRef = 031DE4F62E78757C003222CC /* ProgressHUD */; };
		033457F42ED6877B00482354 /* SceneDelegate.swift in Sources */ = {isa = PBXBuildFile; fileRef = 033457F32ED6877800482354 /* SceneDelegate.swift */; };
		033F4CFC2E78B36000438D32 /* ProgressHUD in Frameworks */ = {isa = PBXBuildFile; productRef = 033F4CFB2E78B36000438D32 /* ProgressHUD */; };
		034182FE22EE36B300670DD1 /* AppDelegate.swift in Sources */ = {isa = PBXBuildFile; fileRef = 034182FD22EE36B300670DD1 /* AppDelegate.swift */; };
		0341830322EE36B300670DD1 /* Main.storyboard in Resources */ = {isa = PBXBuildFile; fileRef = 0341830122EE36B300670DD1 /* Main.storyboard */; };
		0341830522EE36B300670DD1 /* Assets.xcassets in Resources */ = {isa = PBXBuildFile; fileRef = 0341830422EE36B300670DD1 /* Assets.xcassets */; };
		0341830822EE36B300670DD1 /* LaunchScreen.storyboard in Resources */ = {isa = PBXBuildFile; fileRef = 0341830622EE36B300670DD1 /* LaunchScreen.storyboard */; };
		037D80972E78BABB000D5231 /* SwiftyDropbox in Frameworks */ = {isa = PBXBuildFile; productRef = 037D80962E78BABB000D5231 /* SwiftyDropbox */; };
		03A5A36B2EDE42A8005B3588 /* GoogleService-Info.plist in Resources */ = {isa = PBXBuildFile; fileRef = 03A5A36A2EDE42A8005B3588 /* GoogleService-Info.plist */; };
		03BE287A2E94243300392139 /* GoogleSignIn in Frameworks */ = {isa = PBXBuildFile; productRef = 03BE28792E94243300392139 /* GoogleSignIn */; };
		03BE287C2E94243300392139 /* GoogleSignInSwift in Frameworks */ = {isa = PBXBuildFile; productRef = 03BE287B2E94243300392139 /* GoogleSignInSwift */; };
		03BE28812E94433A00392139 /* GoogleAPIClientForRESTCore in Frameworks */ = {isa = PBXBuildFile; productRef = 03BE28802E94433A00392139 /* GoogleAPIClientForRESTCore */; };
		03BE28832E94433A00392139 /* GoogleAPIClientForREST_ACMEDNS in Frameworks */ = {isa = PBXBuildFile; productRef = 03BE28822E94433A00392139 /* GoogleAPIClientForREST_ACMEDNS */; };
		03BE28852E94433A00392139 /* GoogleAPIClientForREST_AIPlatformNotebooks in Frameworks */ = {isa = PBXBuildFile; productRef = 03BE28842E94433A00392139 /* GoogleAPIClientForREST_AIPlatformNotebooks */; };
		03BE28872E94433A00392139 /* GoogleAPIClientForREST_APIGateway in Frameworks */ = {isa = PBXBuildFile; productRef = 03BE28862E94433A00392139 /* GoogleAPIClientForREST_APIGateway */; };
		03BE28892E94433A00392139 /* GoogleAPIClientForREST_APIManagement in Frameworks */ = {isa = PBXBuildFile; productRef = 03BE28882E94433A00392139 /* GoogleAPIClientForREST_APIManagement */; };
		03BE288B2E94433A00392139 /* GoogleAPIClientForREST_APIhub in Frameworks */ = {isa = PBXBuildFile; productRef = 03BE288A2E94433A00392139 /* GoogleAPIClientForREST_APIhub */; };
		03BE288D2E94433A00392139 /* GoogleAPIClientForREST_AbusiveExperienceReport in Frameworks */ = {isa = PBXBuildFile; productRef = 03BE288C2E94433A00392139 /* GoogleAPIClientForREST_AbusiveExperienceReport */; };
		03BE288F2E94433A00392139 /* GoogleAPIClientForREST_Acceleratedmobilepageurl in Frameworks */ = {isa = PBXBuildFile; productRef = 03BE288E2E94433A00392139 /* GoogleAPIClientForREST_Acceleratedmobilepageurl */; };
		03BE28912E94433A00392139 /* GoogleAPIClientForREST_AccessApproval in Frameworks */ = {isa = PBXBuildFile; productRef = 03BE28902E94433A00392139 /* GoogleAPIClientForREST_AccessApproval */; };
		03BE28932E94433A00392139 /* GoogleAPIClientForREST_AccessContextManager in Frameworks */ = {isa = PBXBuildFile; productRef = 03BE28922E94433A00392139 /* GoogleAPIClientForREST_AccessContextManager */; };
		03BE28952E94433A00392139 /* GoogleAPIClientForREST_AdExchangeBuyerII in Frameworks */ = {isa = PBXBuildFile; productRef = 03BE28942E94433A00392139 /* GoogleAPIClientForREST_AdExchangeBuyerII */; };
		03BE28972E94433A00392139 /* GoogleAPIClientForREST_AdExperienceReport in Frameworks */ = {isa = PBXBuildFile; productRef = 03BE28962E94433A00392139 /* GoogleAPIClientForREST_AdExperienceReport */; };
		03BE28992E94433A00392139 /* GoogleAPIClientForREST_AdMob in Frameworks */ = {isa = PBXBuildFile; productRef = 03BE28982E94433A00392139 /* GoogleAPIClientForREST_AdMob */; };
		03BE289B2E94433A00392139 /* GoogleAPIClientForREST_AdSenseHost in Frameworks */ = {isa = PBXBuildFile; productRef = 03BE289A2E94433A00392139 /* GoogleAPIClientForREST_AdSenseHost */; };
		03BE289D2E94433A00392139 /* GoogleAPIClientForREST_AdSensePlatform in Frameworks */ = {isa = PBXBuildFile; productRef = 03BE289C2E94433A00392139 /* GoogleAPIClientForREST_AdSensePlatform */; };
		03BE289F2E94433A00392139 /* GoogleAPIClientForREST_AddressValidation in Frameworks */ = {isa = PBXBuildFile; productRef = 03BE289E2E94433A00392139 /* GoogleAPIClientForREST_AddressValidation */; };
		03BE28A12E94433A00392139 /* GoogleAPIClientForREST_Adsense in Frameworks */ = {isa = PBXBuildFile; productRef = 03BE28A02E94433A00392139 /* GoogleAPIClientForREST_Adsense */; };
		03BE28A32E94433A00392139 /* GoogleAPIClientForREST_Advisorynotifications in Frameworks */ = {isa = PBXBuildFile; productRef = 03BE28A22E94433A00392139 /* GoogleAPIClientForREST_Advisorynotifications */; };
		03BE28A52E94433A00392139 /* GoogleAPIClientForREST_Aiplatform in Frameworks */ = {isa = PBXBuildFile; productRef = 03BE28A42E94433A00392139 /* GoogleAPIClientForREST_Aiplatform */; };
		03BE28A72E94433A00392139 /* GoogleAPIClientForREST_AirQuality in Frameworks */ = {isa = PBXBuildFile; productRef = 03BE28A62E94433A00392139 /* GoogleAPIClientForREST_AirQuality */; };
		03BE28A92E94433A00392139 /* GoogleAPIClientForREST_AlertCenter in Frameworks */ = {isa = PBXBuildFile; productRef = 03BE28A82E94433A00392139 /* GoogleAPIClientForREST_AlertCenter */; };
		03BE28AB2E94433A00392139 /* GoogleAPIClientForREST_Analytics in Frameworks */ = {isa = PBXBuildFile; productRef = 03BE28AA2E94433A00392139 /* GoogleAPIClientForREST_Analytics */; };
		03BE28AD2E94433A00392139 /* GoogleAPIClientForREST_AnalyticsData in Frameworks */ = {isa = PBXBuildFile; productRef = 03BE28AC2E94433A00392139 /* GoogleAPIClientForREST_AnalyticsData */; };
		03BE28AF2E94433A00392139 /* GoogleAPIClientForREST_AnalyticsHub in Frameworks */ = {isa = PBXBuildFile; productRef = 03BE28AE2E94433A00392139 /* GoogleAPIClientForREST_AnalyticsHub */; };
		03BE28B12E94433A00392139 /* GoogleAPIClientForREST_AnalyticsReporting in Frameworks */ = {isa = PBXBuildFile; productRef = 03BE28B02E94433A00392139 /* GoogleAPIClientForREST_AnalyticsReporting */; };
		03BE28B32E94433A00392139 /* GoogleAPIClientForREST_AndroidEnterprise in Frameworks */ = {isa = PBXBuildFile; productRef = 03BE28B22E94433A00392139 /* GoogleAPIClientForREST_AndroidEnterprise */; };
		03BE28B52E94433A00392139 /* GoogleAPIClientForREST_AndroidManagement in Frameworks */ = {isa = PBXBuildFile; productRef = 03BE28B42E94433A00392139 /* GoogleAPIClientForREST_AndroidManagement */; };
		03BE28B72E94433A00392139 /* GoogleAPIClientForREST_AndroidProvisioningPartner in Frameworks */ = {isa = PBXBuildFile; productRef = 03BE28B62E94433A00392139 /* GoogleAPIClientForREST_AndroidProvisioningPartner */; };
		03BE28B92E94433A00392139 /* GoogleAPIClientForREST_AndroidPublisher in Frameworks */ = {isa = PBXBuildFile; productRef = 03BE28B82E94433A00392139 /* GoogleAPIClientForREST_AndroidPublisher */; };
		03BE28BB2E94433A00392139 /* GoogleAPIClientForREST_ApiKeysService in Frameworks */ = {isa = PBXBuildFile; productRef = 03BE28BA2E94433A00392139 /* GoogleAPIClientForREST_ApiKeysService */; };
		03BE28BD2E94433A00392139 /* GoogleAPIClientForREST_Apigee in Frameworks */ = {isa = PBXBuildFile; productRef = 03BE28BC2E94433A00392139 /* GoogleAPIClientForREST_Apigee */; };
		03BE28BF2E94433A00392139 /* GoogleAPIClientForREST_ApigeeRegistry in Frameworks */ = {isa = PBXBuildFile; productRef = 03BE28BE2E94433A00392139 /* GoogleAPIClientForREST_ApigeeRegistry */; };
		03BE28C12E94433A00392139 /* GoogleAPIClientForREST_AppHub in Frameworks */ = {isa = PBXBuildFile; productRef = 03BE28C02E94433A00392139 /* GoogleAPIClientForREST_AppHub */; };
		03BE28C32E94433A00392139 /* GoogleAPIClientForREST_Appengine in Frameworks */ = {isa = PBXBuildFile; productRef = 03BE28C22E94433A00392139 /* GoogleAPIClientForREST_Appengine */; };
		03BE28C52E94433A00392139 /* GoogleAPIClientForREST_Area120Tables in Frameworks */ = {isa = PBXBuildFile; productRef = 03BE28C42E94433A00392139 /* GoogleAPIClientForREST_Area120Tables */; };
		03BE28C72E94433A00392139 /* GoogleAPIClientForREST_AreaInsights in Frameworks */ = {isa = PBXBuildFile; productRef = 03BE28C62E94433A00392139 /* GoogleAPIClientForREST_AreaInsights */; };
		03BE28C92E94433A00392139 /* GoogleAPIClientForREST_ArtifactRegistry in Frameworks */ = {isa = PBXBuildFile; productRef = 03BE28C82E94433A00392139 /* GoogleAPIClientForREST_ArtifactRegistry */; };
		03BE28CB2E9443D500392139 /* GoogleAPIClientForREST_Drive in Frameworks */ = {isa = PBXBuildFile; productRef = 03BE28CA2E9443D500392139 /* GoogleAPIClientForREST_Drive */; };
		03BE28D02EA822C300392139 /* FirebaseAuth in Frameworks */ = {isa = PBXBuildFile; productRef = 03BE28CF2EA822C300392139 /* FirebaseAuth */; };
		03BE28D22EA822C300392139 /* FirebaseCore in Frameworks */ = {isa = PBXBuildFile; productRef = 03BE28D12EA822C300392139 /* FirebaseCore */; };
		03E719412E8764D0003B6BF1 /* AppServices.swift in Sources */ = {isa = PBXBuildFile; fileRef = 03E719402E8764CE003B6BF1 /* AppServices.swift */; };
		03E719432E87AFE2003B6BF1 /* SwiftyDropbox in Frameworks */ = {isa = PBXBuildFile; productRef = 03E719422E87AFE2003B6BF1 /* SwiftyDropbox */; };
		03E719452E87B012003B6BF1 /* ProgressHUD in Frameworks */ = {isa = PBXBuildFile; productRef = 03E719442E87B012003B6BF1 /* ProgressHUD */; };
		03FF2A9D2E7A2A2600BD684D /* MSAL in Frameworks */ = {isa = PBXBuildFile; productRef = 03FF2A9C2E7A2A2600BD684D /* MSAL */; };
/* End PBXBuildFile section */

/* Begin PBXFileReference section */
		033457F32ED6877800482354 /* SceneDelegate.swift */ = {isa = PBXFileReference; lastKnownFileType = sourcecode.swift; path = SceneDelegate.swift; sourceTree = "<group>"; };
		034182FA22EE36B300670DD1 /* Prime Dictation.app */ = {isa = PBXFileReference; explicitFileType = wrapper.application; includeInIndex = 0; path = "Prime Dictation.app"; sourceTree = BUILT_PRODUCTS_DIR; };
		034182FD22EE36B300670DD1 /* AppDelegate.swift */ = {isa = PBXFileReference; lastKnownFileType = sourcecode.swift; path = AppDelegate.swift; sourceTree = "<group>"; };
		0341830222EE36B300670DD1 /* Base */ = {isa = PBXFileReference; lastKnownFileType = file.storyboard; name = Base; path = Base.lproj/Main.storyboard; sourceTree = "<group>"; };
		0341830422EE36B300670DD1 /* Assets.xcassets */ = {isa = PBXFileReference; lastKnownFileType = folder.assetcatalog; path = Assets.xcassets; sourceTree = "<group>"; };
		0341830722EE36B300670DD1 /* Base */ = {isa = PBXFileReference; lastKnownFileType = file.storyboard; name = Base; path = Base.lproj/LaunchScreen.storyboard; sourceTree = "<group>"; };
		0341830922EE36B300670DD1 /* Info.plist */ = {isa = PBXFileReference; lastKnownFileType = text.plist.xml; path = Info.plist; sourceTree = "<group>"; };
		03A58EE52E7C7FB100B4EE58 /* Prime Dictation.entitlements */ = {isa = PBXFileReference; lastKnownFileType = text.plist.entitlements; path = "Prime Dictation.entitlements"; sourceTree = "<group>"; };
		03A5A36A2EDE42A8005B3588 /* GoogleService-Info.plist */ = {isa = PBXFileReference; lastKnownFileType = text.plist.xml; path = "GoogleService-Info.plist"; sourceTree = "<group>"; };
		03E719402E8764CE003B6BF1 /* AppServices.swift */ = {isa = PBXFileReference; lastKnownFileType = sourcecode.swift; path = AppServices.swift; sourceTree = "<group>"; };
/* End PBXFileReference section */

/* Begin PBXFileSystemSynchronizedRootGroup section */
		032F37482EB541C1006C73D2 /* Utilties */ = {isa = PBXFileSystemSynchronizedRootGroup; explicitFileTypes = {}; explicitFolders = (); path = Utilties; sourceTree = "<group>"; };
		039EE3352EB3BB0C009E9231 /* ViewControllers */ = {isa = PBXFileSystemSynchronizedRootGroup; explicitFileTypes = {}; explicitFolders = (); path = ViewControllers; sourceTree = "<group>"; };
		039EE3362EB3BB18009E9231 /* Managers */ = {isa = PBXFileSystemSynchronizedRootGroup; explicitFileTypes = {}; explicitFolders = (); path = Managers; sourceTree = "<group>"; };
		03D1DFF52ED1307A00191DAA /* Views */ = {isa = PBXFileSystemSynchronizedRootGroup; explicitFileTypes = {}; explicitFolders = (); path = Views; sourceTree = "<group>"; };
/* End PBXFileSystemSynchronizedRootGroup section */

/* Begin PBXFrameworksBuildPhase section */
		034182F722EE36B300670DD1 /* Frameworks */ = {
			isa = PBXFrameworksBuildPhase;
			buildActionMask = 2147483647;
			files = (
				03BE28B52E94433A00392139 /* GoogleAPIClientForREST_AndroidManagement in Frameworks */,
				03BE28AD2E94433A00392139 /* GoogleAPIClientForREST_AnalyticsData in Frameworks */,
				03BE289D2E94433A00392139 /* GoogleAPIClientForREST_AdSensePlatform in Frameworks */,
				03BE28A32E94433A00392139 /* GoogleAPIClientForREST_Advisorynotifications in Frameworks */,
				03BE28A72E94433A00392139 /* GoogleAPIClientForREST_AirQuality in Frameworks */,
				03BE28CB2E9443D500392139 /* GoogleAPIClientForREST_Drive in Frameworks */,
				03BE28C52E94433A00392139 /* GoogleAPIClientForREST_Area120Tables in Frameworks */,
				03BE28C72E94433A00392139 /* GoogleAPIClientForREST_AreaInsights in Frameworks */,
				03BE28872E94433A00392139 /* GoogleAPIClientForREST_APIGateway in Frameworks */,
				03BE28892E94433A00392139 /* GoogleAPIClientForREST_APIManagement in Frameworks */,
				03BE289F2E94433A00392139 /* GoogleAPIClientForREST_AddressValidation in Frameworks */,
				03BE28C92E94433A00392139 /* GoogleAPIClientForREST_ArtifactRegistry in Frameworks */,
				03BE28812E94433A00392139 /* GoogleAPIClientForRESTCore in Frameworks */,
				03BE289B2E94433A00392139 /* GoogleAPIClientForREST_AdSenseHost in Frameworks */,
				03BE28972E94433A00392139 /* GoogleAPIClientForREST_AdExperienceReport in Frameworks */,
				03BE287C2E94243300392139 /* GoogleSignInSwift in Frameworks */,
				03BE28B72E94433A00392139 /* GoogleAPIClientForREST_AndroidProvisioningPartner in Frameworks */,
				031DE4F72E78757C003222CC /* ProgressHUD in Frameworks */,
				03BE287A2E94243300392139 /* GoogleSignIn in Frameworks */,
				03E719452E87B012003B6BF1 /* ProgressHUD in Frameworks */,
				03FF2A9D2E7A2A2600BD684D /* MSAL in Frameworks */,
				03BE288B2E94433A00392139 /* GoogleAPIClientForREST_APIhub in Frameworks */,
				03BE28A92E94433A00392139 /* GoogleAPIClientForREST_AlertCenter in Frameworks */,
				033F4CFC2E78B36000438D32 /* ProgressHUD in Frameworks */,
				03BE28992E94433A00392139 /* GoogleAPIClientForREST_AdMob in Frameworks */,
				03BE28A12E94433A00392139 /* GoogleAPIClientForREST_Adsense in Frameworks */,
				03BE28B92E94433A00392139 /* GoogleAPIClientForREST_AndroidPublisher in Frameworks */,
				03BE28912E94433A00392139 /* GoogleAPIClientForREST_AccessApproval in Frameworks */,
				03BE28AB2E94433A00392139 /* GoogleAPIClientForREST_Analytics in Frameworks */,
				03BE28A52E94433A00392139 /* GoogleAPIClientForREST_Aiplatform in Frameworks */,
				03BE28BF2E94433A00392139 /* GoogleAPIClientForREST_ApigeeRegistry in Frameworks */,
				03BE28D02EA822C300392139 /* FirebaseAuth in Frameworks */,
				03BE28D22EA822C300392139 /* FirebaseCore in Frameworks */,
				03BE28B32E94433A00392139 /* GoogleAPIClientForREST_AndroidEnterprise in Frameworks */,
				03BE28AF2E94433A00392139 /* GoogleAPIClientForREST_AnalyticsHub in Frameworks */,
				03BE288F2E94433A00392139 /* GoogleAPIClientForREST_Acceleratedmobilepageurl in Frameworks */,
				03BE28B12E94433A00392139 /* GoogleAPIClientForREST_AnalyticsReporting in Frameworks */,
				03BE28C12E94433A00392139 /* GoogleAPIClientForREST_AppHub in Frameworks */,
				03BE28BB2E94433A00392139 /* GoogleAPIClientForREST_ApiKeysService in Frameworks */,
				03BE28C32E94433A00392139 /* GoogleAPIClientForREST_Appengine in Frameworks */,
				03BE28852E94433A00392139 /* GoogleAPIClientForREST_AIPlatformNotebooks in Frameworks */,
				03BE288D2E94433A00392139 /* GoogleAPIClientForREST_AbusiveExperienceReport in Frameworks */,
				03BE28832E94433A00392139 /* GoogleAPIClientForREST_ACMEDNS in Frameworks */,
				03BE28BD2E94433A00392139 /* GoogleAPIClientForREST_Apigee in Frameworks */,
				03BE28932E94433A00392139 /* GoogleAPIClientForREST_AccessContextManager in Frameworks */,
				037D80972E78BABB000D5231 /* SwiftyDropbox in Frameworks */,
				030BE2E22E8460B8006E3311 /* SwiftyDropbox in Frameworks */,
				03E719432E87AFE2003B6BF1 /* SwiftyDropbox in Frameworks */,
				03BE28952E94433A00392139 /* GoogleAPIClientForREST_AdExchangeBuyerII in Frameworks */,
			);
			runOnlyForDeploymentPostprocessing = 0;
		};
/* End PBXFrameworksBuildPhase section */

/* Begin PBXGroup section */
		034182F122EE36B300670DD1 = {
			isa = PBXGroup;
			children = (
				034182FC22EE36B300670DD1 /* Prime Dictation */,
				034182FB22EE36B300670DD1 /* Products */,
			);
			sourceTree = "<group>";
		};
		034182FB22EE36B300670DD1 /* Products */ = {
			isa = PBXGroup;
			children = (
				034182FA22EE36B300670DD1 /* Prime Dictation.app */,
			);
			name = Products;
			sourceTree = "<group>";
		};
		034182FC22EE36B300670DD1 /* Prime Dictation */ = {
			isa = PBXGroup;
			children = (
				03D1DFF52ED1307A00191DAA /* Views */,
				032F37482EB541C1006C73D2 /* Utilties */,
				039EE3362EB3BB18009E9231 /* Managers */,
				039EE3352EB3BB0C009E9231 /* ViewControllers */,
				03E719402E8764CE003B6BF1 /* AppServices.swift */,
				034182FD22EE36B300670DD1 /* AppDelegate.swift */,
				033457F32ED6877800482354 /* SceneDelegate.swift */,
				0341830122EE36B300670DD1 /* Main.storyboard */,
				0341830422EE36B300670DD1 /* Assets.xcassets */,
				0341830622EE36B300670DD1 /* LaunchScreen.storyboard */,
				0341830922EE36B300670DD1 /* Info.plist */,
				03A5A36A2EDE42A8005B3588 /* GoogleService-Info.plist */,
				03A58EE52E7C7FB100B4EE58 /* Prime Dictation.entitlements */,
			);
			path = "Prime Dictation";
			sourceTree = "<group>";
		};
/* End PBXGroup section */

/* Begin PBXNativeTarget section */
		034182F922EE36B300670DD1 /* Prime Dictation */ = {
			isa = PBXNativeTarget;
			buildConfigurationList = 0341830C22EE36B300670DD1 /* Build configuration list for PBXNativeTarget "Prime Dictation" */;
			buildPhases = (
				034182F622EE36B300670DD1 /* Sources */,
				034182F722EE36B300670DD1 /* Frameworks */,
				034182F822EE36B300670DD1 /* Resources */,
			);
			buildRules = (
			);
			dependencies = (
			);
			fileSystemSynchronizedGroups = (
				032F37482EB541C1006C73D2 /* Utilties */,
				039EE3352EB3BB0C009E9231 /* ViewControllers */,
				039EE3362EB3BB18009E9231 /* Managers */,
				03D1DFF52ED1307A00191DAA /* Views */,
			);
			name = "Prime Dictation";
			productName = "Prime Dictation";
			productReference = 034182FA22EE36B300670DD1 /* Prime Dictation.app */;
			productType = "com.apple.product-type.application";
		};
/* End PBXNativeTarget section */

/* Begin PBXProject section */
		034182F222EE36B300670DD1 /* Project object */ = {
			isa = PBXProject;
			attributes = {
				BuildIndependentTargetsInParallel = YES;
				LastSwiftUpdateCheck = 1030;
				LastUpgradeCheck = 2610;
				ORGANIZATIONNAME = "Bryce Albertazzi";
				TargetAttributes = {
					034182F922EE36B300670DD1 = {
						CreatedOnToolsVersion = 10.3;
					};
				};
			};
			buildConfigurationList = 034182F522EE36B300670DD1 /* Build configuration list for PBXProject "Prime Dictation" */;
			compatibilityVersion = "Xcode 9.3";
			developmentRegion = en;
			hasScannedForEncodings = 0;
			knownRegions = (
				en,
				Base,
			);
			mainGroup = 034182F122EE36B300670DD1;
			packageReferences = (
				031DE4F52E78757C003222CC /* XCRemoteSwiftPackageReference "ProgressHUD" */,
				037D80952E78BABB000D5231 /* XCRemoteSwiftPackageReference "SwiftyDropbox" */,
				03FF2A9B2E7A2A2600BD684D /* XCRemoteSwiftPackageReference "microsoft-authentication-library-for-objc" */,
				03BE28782E94243300392139 /* XCRemoteSwiftPackageReference "GoogleSignIn-iOS" */,
				03BE287D2E94246A00392139 /* XCRemoteSwiftPackageReference "google-api-objectivec-client-for-rest" */,
				03BE28CE2EA8220A00392139 /* XCRemoteSwiftPackageReference "firebase-ios-sdk" */,
			);
			productRefGroup = 034182FB22EE36B300670DD1 /* Products */;
			projectDirPath = "";
			projectRoot = "";
			targets = (
				034182F922EE36B300670DD1 /* Prime Dictation */,
			);
		};
/* End PBXProject section */

/* Begin PBXResourcesBuildPhase section */
		034182F822EE36B300670DD1 /* Resources */ = {
			isa = PBXResourcesBuildPhase;
			buildActionMask = 2147483647;
			files = (
				0341830822EE36B300670DD1 /* LaunchScreen.storyboard in Resources */,
				0341830522EE36B300670DD1 /* Assets.xcassets in Resources */,
				0341830322EE36B300670DD1 /* Main.storyboard in Resources */,
				03A5A36B2EDE42A8005B3588 /* GoogleService-Info.plist in Resources */,
			);
			runOnlyForDeploymentPostprocessing = 0;
		};
/* End PBXResourcesBuildPhase section */

/* Begin PBXSourcesBuildPhase section */
		034182F622EE36B300670DD1 /* Sources */ = {
			isa = PBXSourcesBuildPhase;
			buildActionMask = 2147483647;
			files = (
				03E719412E8764D0003B6BF1 /* AppServices.swift in Sources */,
				033457F42ED6877B00482354 /* SceneDelegate.swift in Sources */,
				034182FE22EE36B300670DD1 /* AppDelegate.swift in Sources */,
			);
			runOnlyForDeploymentPostprocessing = 0;
		};
/* End PBXSourcesBuildPhase section */

/* Begin PBXVariantGroup section */
		0341830122EE36B300670DD1 /* Main.storyboard */ = {
			isa = PBXVariantGroup;
			children = (
				0341830222EE36B300670DD1 /* Base */,
			);
			name = Main.storyboard;
			sourceTree = "<group>";
		};
		0341830622EE36B300670DD1 /* LaunchScreen.storyboard */ = {
			isa = PBXVariantGroup;
			children = (
				0341830722EE36B300670DD1 /* Base */,
			);
			name = LaunchScreen.storyboard;
			sourceTree = "<group>";
		};
/* End PBXVariantGroup section */

/* Begin XCBuildConfiguration section */
		0341830A22EE36B300670DD1 /* Debug */ = {
			isa = XCBuildConfiguration;
			buildSettings = {
				ALWAYS_SEARCH_USER_PATHS = NO;
				CLANG_ANALYZER_NONNULL = YES;
				CLANG_ANALYZER_NUMBER_OBJECT_CONVERSION = YES_AGGRESSIVE;
				CLANG_CXX_LANGUAGE_STANDARD = "gnu++14";
				CLANG_CXX_LIBRARY = "libc++";
				CLANG_ENABLE_MODULES = YES;
				CLANG_ENABLE_OBJC_ARC = YES;
				CLANG_ENABLE_OBJC_WEAK = YES;
				CLANG_WARN_BLOCK_CAPTURE_AUTORELEASING = YES;
				CLANG_WARN_BOOL_CONVERSION = YES;
				CLANG_WARN_COMMA = YES;
				CLANG_WARN_CONSTANT_CONVERSION = YES;
				CLANG_WARN_DEPRECATED_OBJC_IMPLEMENTATIONS = YES;
				CLANG_WARN_DIRECT_OBJC_ISA_USAGE = YES_ERROR;
				CLANG_WARN_DOCUMENTATION_COMMENTS = YES;
				CLANG_WARN_EMPTY_BODY = YES;
				CLANG_WARN_ENUM_CONVERSION = YES;
				CLANG_WARN_INFINITE_RECURSION = YES;
				CLANG_WARN_INT_CONVERSION = YES;
				CLANG_WARN_NON_LITERAL_NULL_CONVERSION = YES;
				CLANG_WARN_OBJC_IMPLICIT_RETAIN_SELF = YES;
				CLANG_WARN_OBJC_LITERAL_CONVERSION = YES;
				CLANG_WARN_OBJC_ROOT_CLASS = YES_ERROR;
				CLANG_WARN_QUOTED_INCLUDE_IN_FRAMEWORK_HEADER = YES;
				CLANG_WARN_RANGE_LOOP_ANALYSIS = YES;
				CLANG_WARN_STRICT_PROTOTYPES = YES;
				CLANG_WARN_SUSPICIOUS_MOVE = YES;
				CLANG_WARN_UNGUARDED_AVAILABILITY = YES_AGGRESSIVE;
				CLANG_WARN_UNREACHABLE_CODE = YES;
				CLANG_WARN__DUPLICATE_METHOD_MATCH = YES;
				CODE_SIGN_IDENTITY = "iPhone Developer";
				COPY_PHASE_STRIP = NO;
				DEBUG_INFORMATION_FORMAT = dwarf;
				DEVELOPMENT_TEAM = 7JG2927ZK8;
				ENABLE_STRICT_OBJC_MSGSEND = YES;
				ENABLE_TESTABILITY = YES;
				ENABLE_USER_SCRIPT_SANDBOXING = YES;
				GCC_C_LANGUAGE_STANDARD = gnu11;
				GCC_DYNAMIC_NO_PIC = NO;
				GCC_NO_COMMON_BLOCKS = YES;
				GCC_OPTIMIZATION_LEVEL = 0;
				GCC_PREPROCESSOR_DEFINITIONS = (
					"DEBUG=1",
					"$(inherited)",
				);
				GCC_WARN_64_TO_32_BIT_CONVERSION = YES;
				GCC_WARN_ABOUT_RETURN_TYPE = YES_ERROR;
				GCC_WARN_UNDECLARED_SELECTOR = YES;
				GCC_WARN_UNINITIALIZED_AUTOS = YES_AGGRESSIVE;
				GCC_WARN_UNUSED_FUNCTION = YES;
				GCC_WARN_UNUSED_VARIABLE = YES;
				IPHONEOS_DEPLOYMENT_TARGET = 18.0;
				MTL_ENABLE_DEBUG_INFO = INCLUDE_SOURCE;
				MTL_FAST_MATH = YES;
				ONLY_ACTIVE_ARCH = YES;
				SDKROOT = iphoneos;
				STRING_CATALOG_GENERATE_SYMBOLS = YES;
				SWIFT_ACTIVE_COMPILATION_CONDITIONS = DEBUG;
				SWIFT_OPTIMIZATION_LEVEL = "-Onone";
			};
			name = Debug;
		};
		0341830B22EE36B300670DD1 /* Release */ = {
			isa = XCBuildConfiguration;
			buildSettings = {
				ALWAYS_SEARCH_USER_PATHS = NO;
				CLANG_ANALYZER_NONNULL = YES;
				CLANG_ANALYZER_NUMBER_OBJECT_CONVERSION = YES_AGGRESSIVE;
				CLANG_CXX_LANGUAGE_STANDARD = "gnu++14";
				CLANG_CXX_LIBRARY = "libc++";
				CLANG_ENABLE_MODULES = YES;
				CLANG_ENABLE_OBJC_ARC = YES;
				CLANG_ENABLE_OBJC_WEAK = YES;
				CLANG_WARN_BLOCK_CAPTURE_AUTORELEASING = YES;
				CLANG_WARN_BOOL_CONVERSION = YES;
				CLANG_WARN_COMMA = YES;
				CLANG_WARN_CONSTANT_CONVERSION = YES;
				CLANG_WARN_DEPRECATED_OBJC_IMPLEMENTATIONS = YES;
				CLANG_WARN_DIRECT_OBJC_ISA_USAGE = YES_ERROR;
				CLANG_WARN_DOCUMENTATION_COMMENTS = YES;
				CLANG_WARN_EMPTY_BODY = YES;
				CLANG_WARN_ENUM_CONVERSION = YES;
				CLANG_WARN_INFINITE_RECURSION = YES;
				CLANG_WARN_INT_CONVERSION = YES;
				CLANG_WARN_NON_LITERAL_NULL_CONVERSION = YES;
				CLANG_WARN_OBJC_IMPLICIT_RETAIN_SELF = YES;
				CLANG_WARN_OBJC_LITERAL_CONVERSION = YES;
				CLANG_WARN_OBJC_ROOT_CLASS = YES_ERROR;
				CLANG_WARN_QUOTED_INCLUDE_IN_FRAMEWORK_HEADER = YES;
				CLANG_WARN_RANGE_LOOP_ANALYSIS = YES;
				CLANG_WARN_STRICT_PROTOTYPES = YES;
				CLANG_WARN_SUSPICIOUS_MOVE = YES;
				CLANG_WARN_UNGUARDED_AVAILABILITY = YES_AGGRESSIVE;
				CLANG_WARN_UNREACHABLE_CODE = YES;
				CLANG_WARN__DUPLICATE_METHOD_MATCH = YES;
				CODE_SIGN_IDENTITY = "iPhone Developer";
				COPY_PHASE_STRIP = NO;
				DEBUG_INFORMATION_FORMAT = "dwarf-with-dsym";
				DEVELOPMENT_TEAM = 7JG2927ZK8;
				ENABLE_NS_ASSERTIONS = NO;
				ENABLE_STRICT_OBJC_MSGSEND = YES;
				ENABLE_USER_SCRIPT_SANDBOXING = YES;
				GCC_C_LANGUAGE_STANDARD = gnu11;
				GCC_NO_COMMON_BLOCKS = YES;
				GCC_WARN_64_TO_32_BIT_CONVERSION = YES;
				GCC_WARN_ABOUT_RETURN_TYPE = YES_ERROR;
				GCC_WARN_UNDECLARED_SELECTOR = YES;
				GCC_WARN_UNINITIALIZED_AUTOS = YES_AGGRESSIVE;
				GCC_WARN_UNUSED_FUNCTION = YES;
				GCC_WARN_UNUSED_VARIABLE = YES;
				IPHONEOS_DEPLOYMENT_TARGET = 18.0;
				MTL_ENABLE_DEBUG_INFO = NO;
				MTL_FAST_MATH = YES;
				SDKROOT = iphoneos;
				STRING_CATALOG_GENERATE_SYMBOLS = YES;
				SWIFT_COMPILATION_MODE = wholemodule;
				SWIFT_OPTIMIZATION_LEVEL = "-O";
				VALIDATE_PRODUCT = YES;
			};
			name = Release;
		};
		0341830D22EE36B300670DD1 /* Debug */ = {
			isa = XCBuildConfiguration;
			buildSettings = {
				ASSETCATALOG_COMPILER_APPICON_NAME = AppIcon;
				ASSETCATALOG_COMPILER_INCLUDE_ALL_APPICON_ASSETS = YES;
				CODE_SIGN_ENTITLEMENTS = "Prime Dictation/Prime Dictation.entitlements";
				CODE_SIGN_IDENTITY = "Apple Development";
				CODE_SIGN_STYLE = Automatic;
				CURRENT_PROJECT_VERSION = 1;
				INFOPLIST_FILE = "Prime Dictation/Info.plist";
				INFOPLIST_KEY_CFBundleDisplayName = "Prime Dictation";
				INFOPLIST_KEY_LSApplicationCategoryType = "public.app-category.business";
				IPHONEOS_DEPLOYMENT_TARGET = 18.6;
				LD_RUNPATH_SEARCH_PATHS = (
					"$(inherited)",
					"@executable_path/Frameworks",
				);
				MARKETING_VERSION = 5.0;
				PRODUCT_BUNDLE_IDENTIFIER = com.BryceAlbertazzi.PrimeDictation;
				PRODUCT_NAME = "$(TARGET_NAME)";
				PROVISIONING_PROFILE_SPECIFIER = "";
				SUPPORTED_PLATFORMS = "iphoneos iphonesimulator";
				SUPPORTS_MACCATALYST = NO;
				SUPPORTS_MAC_DESIGNED_FOR_IPHONE_IPAD = YES;
				SUPPORTS_XR_DESIGNED_FOR_IPHONE_IPAD = NO;
				SWIFT_VERSION = 5.0;
				TARGETED_DEVICE_FAMILY = "1,2";
			};
			name = Debug;
		};
		0341830E22EE36B300670DD1 /* Release */ = {
			isa = XCBuildConfiguration;
			buildSettings = {
				ASSETCATALOG_COMPILER_APPICON_NAME = AppIcon;
				ASSETCATALOG_COMPILER_INCLUDE_ALL_APPICON_ASSETS = YES;
				CODE_SIGN_ENTITLEMENTS = "Prime Dictation/Prime Dictation.entitlements";
				CODE_SIGN_IDENTITY = "Apple Development";
				CODE_SIGN_STYLE = Automatic;
				CURRENT_PROJECT_VERSION = 1;
				INFOPLIST_FILE = "Prime Dictation/Info.plist";
				INFOPLIST_KEY_CFBundleDisplayName = "Prime Dictation";
				INFOPLIST_KEY_LSApplicationCategoryType = "public.app-category.business";
				IPHONEOS_DEPLOYMENT_TARGET = 18.6;
				LD_RUNPATH_SEARCH_PATHS = (
					"$(inherited)",
					"@executable_path/Frameworks",
				);
				MARKETING_VERSION = 5.0;
				PRODUCT_BUNDLE_IDENTIFIER = com.BryceAlbertazzi.PrimeDictation;
				PRODUCT_NAME = "$(TARGET_NAME)";
				PROVISIONING_PROFILE_SPECIFIER = "";
				SUPPORTED_PLATFORMS = "iphoneos iphonesimulator";
				SUPPORTS_MACCATALYST = NO;
				SUPPORTS_MAC_DESIGNED_FOR_IPHONE_IPAD = YES;
				SUPPORTS_XR_DESIGNED_FOR_IPHONE_IPAD = NO;
				SWIFT_VERSION = 5.0;
				TARGETED_DEVICE_FAMILY = "1,2";
			};
			name = Release;
		};
/* End XCBuildConfiguration section */

/* Begin XCConfigurationList section */
		034182F522EE36B300670DD1 /* Build configuration list for PBXProject "Prime Dictation" */ = {
			isa = XCConfigurationList;
			buildConfigurations = (
				0341830A22EE36B300670DD1 /* Debug */,
				0341830B22EE36B300670DD1 /* Release */,
			);
			defaultConfigurationIsVisible = 0;
			defaultConfigurationName = Release;
		};
		0341830C22EE36B300670DD1 /* Build configuration list for PBXNativeTarget "Prime Dictation" */ = {
			isa = XCConfigurationList;
			buildConfigurations = (
				0341830D22EE36B300670DD1 /* Debug */,
				0341830E22EE36B300670DD1 /* Release */,
			);
			defaultConfigurationIsVisible = 0;
			defaultConfigurationName = Release;
		};
/* End XCConfigurationList section */

/* Begin XCRemoteSwiftPackageReference section */
		031DE4F52E78757C003222CC /* XCRemoteSwiftPackageReference "ProgressHUD" */ = {
			isa = XCRemoteSwiftPackageReference;
			repositoryURL = "https://github.com/relatedcode/ProgressHUD.git";
			requirement = {
				kind = upToNextMajorVersion;
				minimumVersion = 14.1.4;
			};
		};
		037D80952E78BABB000D5231 /* XCRemoteSwiftPackageReference "SwiftyDropbox" */ = {
			isa = XCRemoteSwiftPackageReference;
			repositoryURL = "https://github.com/dropbox/SwiftyDropbox.git";
			requirement = {
				kind = upToNextMajorVersion;
				minimumVersion = 10.2.2;
			};
		};
		03BE28782E94243300392139 /* XCRemoteSwiftPackageReference "GoogleSignIn-iOS" */ = {
			isa = XCRemoteSwiftPackageReference;
			repositoryURL = "https://github.com/google/GoogleSignIn-iOS.git";
			requirement = {
				kind = upToNextMajorVersion;
				minimumVersion = 9.0.0;
			};
		};
		03BE287D2E94246A00392139 /* XCRemoteSwiftPackageReference "google-api-objectivec-client-for-rest" */ = {
			isa = XCRemoteSwiftPackageReference;
			repositoryURL = "https://github.com/google/google-api-objectivec-client-for-rest.git";
			requirement = {
				branch = main;
				kind = branch;
			};
		};
		03BE28CE2EA8220A00392139 /* XCRemoteSwiftPackageReference "firebase-ios-sdk" */ = {
			isa = XCRemoteSwiftPackageReference;
			repositoryURL = "https://github.com/firebase/firebase-ios-sdk";
			requirement = {
				kind = upToNextMajorVersion;
				minimumVersion = 12.4.0;
			};
		};
		03FF2A9B2E7A2A2600BD684D /* XCRemoteSwiftPackageReference "microsoft-authentication-library-for-objc" */ = {
			isa = XCRemoteSwiftPackageReference;
			repositoryURL = "https://github.com/AzureAD/microsoft-authentication-library-for-objc.git";
			requirement = {
				kind = upToNextMajorVersion;
				minimumVersion = 2.4.0;
			};
		};
/* End XCRemoteSwiftPackageReference section */

/* Begin XCSwiftPackageProductDependency section */
		030BE2E12E8460B8006E3311 /* SwiftyDropbox */ = {
			isa = XCSwiftPackageProductDependency;
			package = 037D80952E78BABB000D5231 /* XCRemoteSwiftPackageReference "SwiftyDropbox" */;
			productName = SwiftyDropbox;
		};
		031DE4F62E78757C003222CC /* ProgressHUD */ = {
			isa = XCSwiftPackageProductDependency;
			package = 031DE4F52E78757C003222CC /* XCRemoteSwiftPackageReference "ProgressHUD" */;
			productName = ProgressHUD;
		};
		033F4CFB2E78B36000438D32 /* ProgressHUD */ = {
			isa = XCSwiftPackageProductDependency;
			package = 031DE4F52E78757C003222CC /* XCRemoteSwiftPackageReference "ProgressHUD" */;
			productName = ProgressHUD;
		};
		037D80962E78BABB000D5231 /* SwiftyDropbox */ = {
			isa = XCSwiftPackageProductDependency;
			package = 037D80952E78BABB000D5231 /* XCRemoteSwiftPackageReference "SwiftyDropbox" */;
			productName = SwiftyDropbox;
		};
		03BE28792E94243300392139 /* GoogleSignIn */ = {
			isa = XCSwiftPackageProductDependency;
			package = 03BE28782E94243300392139 /* XCRemoteSwiftPackageReference "GoogleSignIn-iOS" */;
			productName = GoogleSignIn;
		};
		03BE287B2E94243300392139 /* GoogleSignInSwift */ = {
			isa = XCSwiftPackageProductDependency;
			package = 03BE28782E94243300392139 /* XCRemoteSwiftPackageReference "GoogleSignIn-iOS" */;
			productName = GoogleSignInSwift;
		};
		03BE28802E94433A00392139 /* GoogleAPIClientForRESTCore */ = {
			isa = XCSwiftPackageProductDependency;
			package = 03BE287D2E94246A00392139 /* XCRemoteSwiftPackageReference "google-api-objectivec-client-for-rest" */;
			productName = GoogleAPIClientForRESTCore;
		};
		03BE28822E94433A00392139 /* GoogleAPIClientForREST_ACMEDNS */ = {
			isa = XCSwiftPackageProductDependency;
			package = 03BE287D2E94246A00392139 /* XCRemoteSwiftPackageReference "google-api-objectivec-client-for-rest" */;
			productName = GoogleAPIClientForREST_ACMEDNS;
		};
		03BE28842E94433A00392139 /* GoogleAPIClientForREST_AIPlatformNotebooks */ = {
			isa = XCSwiftPackageProductDependency;
			package = 03BE287D2E94246A00392139 /* XCRemoteSwiftPackageReference "google-api-objectivec-client-for-rest" */;
			productName = GoogleAPIClientForREST_AIPlatformNotebooks;
		};
		03BE28862E94433A00392139 /* GoogleAPIClientForREST_APIGateway */ = {
			isa = XCSwiftPackageProductDependency;
			package = 03BE287D2E94246A00392139 /* XCRemoteSwiftPackageReference "google-api-objectivec-client-for-rest" */;
			productName = GoogleAPIClientForREST_APIGateway;
		};
		03BE28882E94433A00392139 /* GoogleAPIClientForREST_APIManagement */ = {
			isa = XCSwiftPackageProductDependency;
			package = 03BE287D2E94246A00392139 /* XCRemoteSwiftPackageReference "google-api-objectivec-client-for-rest" */;
			productName = GoogleAPIClientForREST_APIManagement;
		};
		03BE288A2E94433A00392139 /* GoogleAPIClientForREST_APIhub */ = {
			isa = XCSwiftPackageProductDependency;
			package = 03BE287D2E94246A00392139 /* XCRemoteSwiftPackageReference "google-api-objectivec-client-for-rest" */;
			productName = GoogleAPIClientForREST_APIhub;
		};
		03BE288C2E94433A00392139 /* GoogleAPIClientForREST_AbusiveExperienceReport */ = {
			isa = XCSwiftPackageProductDependency;
			package = 03BE287D2E94246A00392139 /* XCRemoteSwiftPackageReference "google-api-objectivec-client-for-rest" */;
			productName = GoogleAPIClientForREST_AbusiveExperienceReport;
		};
		03BE288E2E94433A00392139 /* GoogleAPIClientForREST_Acceleratedmobilepageurl */ = {
			isa = XCSwiftPackageProductDependency;
			package = 03BE287D2E94246A00392139 /* XCRemoteSwiftPackageReference "google-api-objectivec-client-for-rest" */;
			productName = GoogleAPIClientForREST_Acceleratedmobilepageurl;
		};
		03BE28902E94433A00392139 /* GoogleAPIClientForREST_AccessApproval */ = {
			isa = XCSwiftPackageProductDependency;
			package = 03BE287D2E94246A00392139 /* XCRemoteSwiftPackageReference "google-api-objectivec-client-for-rest" */;
			productName = GoogleAPIClientForREST_AccessApproval;
		};
		03BE28922E94433A00392139 /* GoogleAPIClientForREST_AccessContextManager */ = {
			isa = XCSwiftPackageProductDependency;
			package = 03BE287D2E94246A00392139 /* XCRemoteSwiftPackageReference "google-api-objectivec-client-for-rest" */;
			productName = GoogleAPIClientForREST_AccessContextManager;
		};
		03BE28942E94433A00392139 /* GoogleAPIClientForREST_AdExchangeBuyerII */ = {
			isa = XCSwiftPackageProductDependency;
			package = 03BE287D2E94246A00392139 /* XCRemoteSwiftPackageReference "google-api-objectivec-client-for-rest" */;
			productName = GoogleAPIClientForREST_AdExchangeBuyerII;
		};
		03BE28962E94433A00392139 /* GoogleAPIClientForREST_AdExperienceReport */ = {
			isa = XCSwiftPackageProductDependency;
			package = 03BE287D2E94246A00392139 /* XCRemoteSwiftPackageReference "google-api-objectivec-client-for-rest" */;
			productName = GoogleAPIClientForREST_AdExperienceReport;
		};
		03BE28982E94433A00392139 /* GoogleAPIClientForREST_AdMob */ = {
			isa = XCSwiftPackageProductDependency;
			package = 03BE287D2E94246A00392139 /* XCRemoteSwiftPackageReference "google-api-objectivec-client-for-rest" */;
			productName = GoogleAPIClientForREST_AdMob;
		};
		03BE289A2E94433A00392139 /* GoogleAPIClientForREST_AdSenseHost */ = {
			isa = XCSwiftPackageProductDependency;
			package = 03BE287D2E94246A00392139 /* XCRemoteSwiftPackageReference "google-api-objectivec-client-for-rest" */;
			productName = GoogleAPIClientForREST_AdSenseHost;
		};
		03BE289C2E94433A00392139 /* GoogleAPIClientForREST_AdSensePlatform */ = {
			isa = XCSwiftPackageProductDependency;
			package = 03BE287D2E94246A00392139 /* XCRemoteSwiftPackageReference "google-api-objectivec-client-for-rest" */;
			productName = GoogleAPIClientForREST_AdSensePlatform;
		};
		03BE289E2E94433A00392139 /* GoogleAPIClientForREST_AddressValidation */ = {
			isa = XCSwiftPackageProductDependency;
			package = 03BE287D2E94246A00392139 /* XCRemoteSwiftPackageReference "google-api-objectivec-client-for-rest" */;
			productName = GoogleAPIClientForREST_AddressValidation;
		};
		03BE28A02E94433A00392139 /* GoogleAPIClientForREST_Adsense */ = {
			isa = XCSwiftPackageProductDependency;
			package = 03BE287D2E94246A00392139 /* XCRemoteSwiftPackageReference "google-api-objectivec-client-for-rest" */;
			productName = GoogleAPIClientForREST_Adsense;
		};
		03BE28A22E94433A00392139 /* GoogleAPIClientForREST_Advisorynotifications */ = {
			isa = XCSwiftPackageProductDependency;
			package = 03BE287D2E94246A00392139 /* XCRemoteSwiftPackageReference "google-api-objectivec-client-for-rest" */;
			productName = GoogleAPIClientForREST_Advisorynotifications;
		};
		03BE28A42E94433A00392139 /* GoogleAPIClientForREST_Aiplatform */ = {
			isa = XCSwiftPackageProductDependency;
			package = 03BE287D2E94246A00392139 /* XCRemoteSwiftPackageReference "google-api-objectivec-client-for-rest" */;
			productName = GoogleAPIClientForREST_Aiplatform;
		};
		03BE28A62E94433A00392139 /* GoogleAPIClientForREST_AirQuality */ = {
			isa = XCSwiftPackageProductDependency;
			package = 03BE287D2E94246A00392139 /* XCRemoteSwiftPackageReference "google-api-objectivec-client-for-rest" */;
			productName = GoogleAPIClientForREST_AirQuality;
		};
		03BE28A82E94433A00392139 /* GoogleAPIClientForREST_AlertCenter */ = {
			isa = XCSwiftPackageProductDependency;
			package = 03BE287D2E94246A00392139 /* XCRemoteSwiftPackageReference "google-api-objectivec-client-for-rest" */;
			productName = GoogleAPIClientForREST_AlertCenter;
		};
		03BE28AA2E94433A00392139 /* GoogleAPIClientForREST_Analytics */ = {
			isa = XCSwiftPackageProductDependency;
			package = 03BE287D2E94246A00392139 /* XCRemoteSwiftPackageReference "google-api-objectivec-client-for-rest" */;
			productName = GoogleAPIClientForREST_Analytics;
		};
		03BE28AC2E94433A00392139 /* GoogleAPIClientForREST_AnalyticsData */ = {
			isa = XCSwiftPackageProductDependency;
			package = 03BE287D2E94246A00392139 /* XCRemoteSwiftPackageReference "google-api-objectivec-client-for-rest" */;
			productName = GoogleAPIClientForREST_AnalyticsData;
		};
		03BE28AE2E94433A00392139 /* GoogleAPIClientForREST_AnalyticsHub */ = {
			isa = XCSwiftPackageProductDependency;
			package = 03BE287D2E94246A00392139 /* XCRemoteSwiftPackageReference "google-api-objectivec-client-for-rest" */;
			productName = GoogleAPIClientForREST_AnalyticsHub;
		};
		03BE28B02E94433A00392139 /* GoogleAPIClientForREST_AnalyticsReporting */ = {
			isa = XCSwiftPackageProductDependency;
			package = 03BE287D2E94246A00392139 /* XCRemoteSwiftPackageReference "google-api-objectivec-client-for-rest" */;
			productName = GoogleAPIClientForREST_AnalyticsReporting;
		};
		03BE28B22E94433A00392139 /* GoogleAPIClientForREST_AndroidEnterprise */ = {
			isa = XCSwiftPackageProductDependency;
			package = 03BE287D2E94246A00392139 /* XCRemoteSwiftPackageReference "google-api-objectivec-client-for-rest" */;
			productName = GoogleAPIClientForREST_AndroidEnterprise;
		};
		03BE28B42E94433A00392139 /* GoogleAPIClientForREST_AndroidManagement */ = {
			isa = XCSwiftPackageProductDependency;
			package = 03BE287D2E94246A00392139 /* XCRemoteSwiftPackageReference "google-api-objectivec-client-for-rest" */;
			productName = GoogleAPIClientForREST_AndroidManagement;
		};
		03BE28B62E94433A00392139 /* GoogleAPIClientForREST_AndroidProvisioningPartner */ = {
			isa = XCSwiftPackageProductDependency;
			package = 03BE287D2E94246A00392139 /* XCRemoteSwiftPackageReference "google-api-objectivec-client-for-rest" */;
			productName = GoogleAPIClientForREST_AndroidProvisioningPartner;
		};
		03BE28B82E94433A00392139 /* GoogleAPIClientForREST_AndroidPublisher */ = {
			isa = XCSwiftPackageProductDependency;
			package = 03BE287D2E94246A00392139 /* XCRemoteSwiftPackageReference "google-api-objectivec-client-for-rest" */;
			productName = GoogleAPIClientForREST_AndroidPublisher;
		};
		03BE28BA2E94433A00392139 /* GoogleAPIClientForREST_ApiKeysService */ = {
			isa = XCSwiftPackageProductDependency;
			package = 03BE287D2E94246A00392139 /* XCRemoteSwiftPackageReference "google-api-objectivec-client-for-rest" */;
			productName = GoogleAPIClientForREST_ApiKeysService;
		};
		03BE28BC2E94433A00392139 /* GoogleAPIClientForREST_Apigee */ = {
			isa = XCSwiftPackageProductDependency;
			package = 03BE287D2E94246A00392139 /* XCRemoteSwiftPackageReference "google-api-objectivec-client-for-rest" */;
			productName = GoogleAPIClientForREST_Apigee;
		};
		03BE28BE2E94433A00392139 /* GoogleAPIClientForREST_ApigeeRegistry */ = {
			isa = XCSwiftPackageProductDependency;
			package = 03BE287D2E94246A00392139 /* XCRemoteSwiftPackageReference "google-api-objectivec-client-for-rest" */;
			productName = GoogleAPIClientForREST_ApigeeRegistry;
		};
		03BE28C02E94433A00392139 /* GoogleAPIClientForREST_AppHub */ = {
			isa = XCSwiftPackageProductDependency;
			package = 03BE287D2E94246A00392139 /* XCRemoteSwiftPackageReference "google-api-objectivec-client-for-rest" */;
			productName = GoogleAPIClientForREST_AppHub;
		};
		03BE28C22E94433A00392139 /* GoogleAPIClientForREST_Appengine */ = {
			isa = XCSwiftPackageProductDependency;
			package = 03BE287D2E94246A00392139 /* XCRemoteSwiftPackageReference "google-api-objectivec-client-for-rest" */;
			productName = GoogleAPIClientForREST_Appengine;
		};
		03BE28C42E94433A00392139 /* GoogleAPIClientForREST_Area120Tables */ = {
			isa = XCSwiftPackageProductDependency;
			package = 03BE287D2E94246A00392139 /* XCRemoteSwiftPackageReference "google-api-objectivec-client-for-rest" */;
			productName = GoogleAPIClientForREST_Area120Tables;
		};
		03BE28C62E94433A00392139 /* GoogleAPIClientForREST_AreaInsights */ = {
			isa = XCSwiftPackageProductDependency;
			package = 03BE287D2E94246A00392139 /* XCRemoteSwiftPackageReference "google-api-objectivec-client-for-rest" */;
			productName = GoogleAPIClientForREST_AreaInsights;
		};
		03BE28C82E94433A00392139 /* GoogleAPIClientForREST_ArtifactRegistry */ = {
			isa = XCSwiftPackageProductDependency;
			package = 03BE287D2E94246A00392139 /* XCRemoteSwiftPackageReference "google-api-objectivec-client-for-rest" */;
			productName = GoogleAPIClientForREST_ArtifactRegistry;
		};
		03BE28CA2E9443D500392139 /* GoogleAPIClientForREST_Drive */ = {
			isa = XCSwiftPackageProductDependency;
			package = 03BE287D2E94246A00392139 /* XCRemoteSwiftPackageReference "google-api-objectivec-client-for-rest" */;
			productName = GoogleAPIClientForREST_Drive;
		};
		03BE28CF2EA822C300392139 /* FirebaseAuth */ = {
			isa = XCSwiftPackageProductDependency;
			package = 03BE28CE2EA8220A00392139 /* XCRemoteSwiftPackageReference "firebase-ios-sdk" */;
			productName = FirebaseAuth;
		};
		03BE28D12EA822C300392139 /* FirebaseCore */ = {
			isa = XCSwiftPackageProductDependency;
			package = 03BE28CE2EA8220A00392139 /* XCRemoteSwiftPackageReference "firebase-ios-sdk" */;
			productName = FirebaseCore;
		};
		03E719422E87AFE2003B6BF1 /* SwiftyDropbox */ = {
			isa = XCSwiftPackageProductDependency;
			package = 037D80952E78BABB000D5231 /* XCRemoteSwiftPackageReference "SwiftyDropbox" */;
			productName = SwiftyDropbox;
		};
		03E719442E87B012003B6BF1 /* ProgressHUD */ = {
			isa = XCSwiftPackageProductDependency;
			package = 031DE4F52E78757C003222CC /* XCRemoteSwiftPackageReference "ProgressHUD" */;
			productName = ProgressHUD;
		};
		03FF2A9C2E7A2A2600BD684D /* MSAL */ = {
			isa = XCSwiftPackageProductDependency;
			package = 03FF2A9B2E7A2A2600BD684D /* XCRemoteSwiftPackageReference "microsoft-authentication-library-for-objc" */;
			productName = MSAL;
		};
/* End XCSwiftPackageProductDependency section */
	};
	rootObject = 034182F222EE36B300670DD1 /* Project object */;
}
