// !$*UTF8*$!
{
	archiveVersion = 1;
	classes = {
	};
	objectVersion = 51;
	objects = {

/* Begin PBXBuildFile section */
		034182FE22EE36B300670DD1 /* AppDelegate.swift in Sources */ = {isa = PBXBuildFile; fileRef = 034182FD22EE36B300670DD1 /* AppDelegate.swift */; };
		0341830022EE36B300670DD1 /* ViewController.swift in Sources */ = {isa = PBXBuildFile; fileRef = 034182FF22EE36B300670DD1 /* ViewController.swift */; };
		0341830322EE36B300670DD1 /* Main.storyboard in Resources */ = {isa = PBXBuildFile; fileRef = 0341830122EE36B300670DD1 /* Main.storyboard */; };
		0341830522EE36B300670DD1 /* Assets.xcassets in Resources */ = {isa = PBXBuildFile; fileRef = 0341830422EE36B300670DD1 /* Assets.xcassets */; };
		0341830822EE36B300670DD1 /* LaunchScreen.storyboard in Resources */ = {isa = PBXBuildFile; fileRef = 0341830622EE36B300670DD1 /* LaunchScreen.storyboard */; };
		03C69A6122FE0083005D8AD1 /* Stopwatch.swift in Sources */ = {isa = PBXBuildFile; fileRef = 03C69A6022FE0083005D8AD1 /* Stopwatch.swift */; };
		F216072234AECD3E3755D69D /* Pods_Prime_Dictation.framework in Frameworks */ = {isa = PBXBuildFile; fileRef = 033987ECA76D8909533217A7 /* Pods_Prime_Dictation.framework */; };
/* End PBXBuildFile section */

/* Begin PBXFileReference section */
		033987ECA76D8909533217A7 /* Pods_Prime_Dictation.framework */ = {isa = PBXFileReference; explicitFileType = wrapper.framework; includeInIndex = 0; path = Pods_Prime_Dictation.framework; sourceTree = BUILT_PRODUCTS_DIR; };
		034182FA22EE36B300670DD1 /* Prime Dictation.app */ = {isa = PBXFileReference; explicitFileType = wrapper.application; includeInIndex = 0; path = "Prime Dictation.app"; sourceTree = BUILT_PRODUCTS_DIR; };
		034182FD22EE36B300670DD1 /* AppDelegate.swift */ = {isa = PBXFileReference; lastKnownFileType = sourcecode.swift; path = AppDelegate.swift; sourceTree = "<group>"; };
		034182FF22EE36B300670DD1 /* ViewController.swift */ = {isa = PBXFileReference; lastKnownFileType = sourcecode.swift; path = ViewController.swift; sourceTree = "<group>"; };
		0341830222EE36B300670DD1 /* Base */ = {isa = PBXFileReference; lastKnownFileType = file.storyboard; name = Base; path = Base.lproj/Main.storyboard; sourceTree = "<group>"; };
		0341830422EE36B300670DD1 /* Assets.xcassets */ = {isa = PBXFileReference; lastKnownFileType = folder.assetcatalog; path = Assets.xcassets; sourceTree = "<group>"; };
		0341830722EE36B300670DD1 /* Base */ = {isa = PBXFileReference; lastKnownFileType = file.storyboard; name = Base; path = Base.lproj/LaunchScreen.storyboard; sourceTree = "<group>"; };
		0341830922EE36B300670DD1 /* Info.plist */ = {isa = PBXFileReference; lastKnownFileType = text.plist.xml; path = Info.plist; sourceTree = "<group>"; };
		036F3B9426182FB60000F2D5 /* Prime Dictation.entitlements */ = {isa = PBXFileReference; lastKnownFileType = text.plist.entitlements; path = "Prime Dictation.entitlements"; sourceTree = "<group>"; };
		03C69A6022FE0083005D8AD1 /* Stopwatch.swift */ = {isa = PBXFileReference; lastKnownFileType = sourcecode.swift; path = Stopwatch.swift; sourceTree = "<group>"; };
		104DBC6A9FA919AA81D98E13 /* Pods-Prime Dictation.debug.xcconfig */ = {isa = PBXFileReference; includeInIndex = 1; lastKnownFileType = text.xcconfig; name = "Pods-Prime Dictation.debug.xcconfig"; path = "Target Support Files/Pods-Prime Dictation/Pods-Prime Dictation.debug.xcconfig"; sourceTree = "<group>"; };
		54C213373036C1D959A750D3 /* Pods-Prime Dictation.release.xcconfig */ = {isa = PBXFileReference; includeInIndex = 1; lastKnownFileType = text.xcconfig; name = "Pods-Prime Dictation.release.xcconfig"; path = "Target Support Files/Pods-Prime Dictation/Pods-Prime Dictation.release.xcconfig"; sourceTree = "<group>"; };
/* End PBXFileReference section */

/* Begin PBXFrameworksBuildPhase section */
		034182F722EE36B300670DD1 /* Frameworks */ = {
			isa = PBXFrameworksBuildPhase;
			buildActionMask = 2147483647;
			files = (
				F216072234AECD3E3755D69D /* Pods_Prime_Dictation.framework in Frameworks */,
			);
			runOnlyForDeploymentPostprocessing = 0;
		};
/* End PBXFrameworksBuildPhase section */

/* Begin PBXGroup section */
		034182F122EE36B300670DD1 = {
			isa = PBXGroup;
			children = (
				034182FC22EE36B300670DD1 /* Prime Dictation */,
				034182FB22EE36B300670DD1 /* Products */,
				344427BA4ED4A074A8B98DE4 /* Pods */,
				BBF4C6BA1C9F539C7A4FF8CD /* Frameworks */,
			);
			sourceTree = "<group>";
		};
		034182FB22EE36B300670DD1 /* Products */ = {
			isa = PBXGroup;
			children = (
				034182FA22EE36B300670DD1 /* Prime Dictation.app */,
			);
			name = Products;
			sourceTree = "<group>";
		};
		034182FC22EE36B300670DD1 /* Prime Dictation */ = {
			isa = PBXGroup;
			children = (
				036F3B9426182FB60000F2D5 /* Prime Dictation.entitlements */,
				034182FD22EE36B300670DD1 /* AppDelegate.swift */,
				034182FF22EE36B300670DD1 /* ViewController.swift */,
				03C69A6022FE0083005D8AD1 /* Stopwatch.swift */,
				0341830122EE36B300670DD1 /* Main.storyboard */,
				0341830422EE36B300670DD1 /* Assets.xcassets */,
				0341830622EE36B300670DD1 /* LaunchScreen.storyboard */,
				0341830922EE36B300670DD1 /* Info.plist */,
			);
			path = "Prime Dictation";
			sourceTree = "<group>";
		};
		344427BA4ED4A074A8B98DE4 /* Pods */ = {
			isa = PBXGroup;
			children = (
				104DBC6A9FA919AA81D98E13 /* Pods-Prime Dictation.debug.xcconfig */,
				54C213373036C1D959A750D3 /* Pods-Prime Dictation.release.xcconfig */,
			);
			path = Pods;
			sourceTree = "<group>";
		};
		BBF4C6BA1C9F539C7A4FF8CD /* Frameworks */ = {
			isa = PBXGroup;
			children = (
				033987ECA76D8909533217A7 /* Pods_Prime_Dictation.framework */,
			);
			name = Frameworks;
			sourceTree = "<group>";
		};
/* End PBXGroup section */

/* Begin PBXNativeTarget section */
		034182F922EE36B300670DD1 /* Prime Dictation */ = {
			isa = PBXNativeTarget;
			buildConfigurationList = 0341830C22EE36B300670DD1 /* Build configuration list for PBXNativeTarget "Prime Dictation" */;
			buildPhases = (
				A6EF643F805A9CE9C64E6DB2 /* [CP] Check Pods Manifest.lock */,
				034182F622EE36B300670DD1 /* Sources */,
				034182F722EE36B300670DD1 /* Frameworks */,
				034182F822EE36B300670DD1 /* Resources */,
				A4DD73D30432B8FD2D81B62F /* [CP] Embed Pods Frameworks */,
			);
			buildRules = (
			);
			dependencies = (
			);
			name = "Prime Dictation";
			productName = "Prime Dictation";
			productReference = 034182FA22EE36B300670DD1 /* Prime Dictation.app */;
			productType = "com.apple.product-type.application";
		};
/* End PBXNativeTarget section */

/* Begin PBXProject section */
		034182F222EE36B300670DD1 /* Project object */ = {
			isa = PBXProject;
			attributes = {
				LastSwiftUpdateCheck = 1030;
				LastUpgradeCheck = 1240;
				ORGANIZATIONNAME = "Bryce Albertazzi";
				TargetAttributes = {
					034182F922EE36B300670DD1 = {
						CreatedOnToolsVersion = 10.3;
					};
				};
			};
			buildConfigurationList = 034182F522EE36B300670DD1 /* Build configuration list for PBXProject "Prime Dictation" */;
			compatibilityVersion = "Xcode 9.3";
			developmentRegion = en;
			hasScannedForEncodings = 0;
			knownRegions = (
				en,
				Base,
			);
			mainGroup = 034182F122EE36B300670DD1;
			productRefGroup = 034182FB22EE36B300670DD1 /* Products */;
			projectDirPath = "";
			projectRoot = "";
			targets = (
				034182F922EE36B300670DD1 /* Prime Dictation */,
			);
		};
/* End PBXProject section */

/* Begin PBXResourcesBuildPhase section */
		034182F822EE36B300670DD1 /* Resources */ = {
			isa = PBXResourcesBuildPhase;
			buildActionMask = 2147483647;
			files = (
				0341830822EE36B300670DD1 /* LaunchScreen.storyboard in Resources */,
				0341830522EE36B300670DD1 /* Assets.xcassets in Resources */,
				0341830322EE36B300670DD1 /* Main.storyboard in Resources */,
			);
			runOnlyForDeploymentPostprocessing = 0;
		};
/* End PBXResourcesBuildPhase section */

/* Begin PBXShellScriptBuildPhase section */
		A4DD73D30432B8FD2D81B62F /* [CP] Embed Pods Frameworks */ = {
			isa = PBXShellScriptBuildPhase;
			buildActionMask = 2147483647;
			files = (
			);
			inputFileListPaths = (
				"${PODS_ROOT}/Target Support Files/Pods-Prime Dictation/Pods-Prime Dictation-frameworks-${CONFIGURATION}-input-files.xcfilelist",
			);
			name = "[CP] Embed Pods Frameworks";
			outputFileListPaths = (
				"${PODS_ROOT}/Target Support Files/Pods-Prime Dictation/Pods-Prime Dictation-frameworks-${CONFIGURATION}-output-files.xcfilelist",
			);
			runOnlyForDeploymentPostprocessing = 0;
			shellPath = /bin/sh;
			shellScript = "\"${PODS_ROOT}/Target Support Files/Pods-Prime Dictation/Pods-Prime Dictation-frameworks.sh\"\n";
			showEnvVarsInLog = 0;
		};
		A6EF643F805A9CE9C64E6DB2 /* [CP] Check Pods Manifest.lock */ = {
			isa = PBXShellScriptBuildPhase;
			buildActionMask = 2147483647;
			files = (
			);
			inputFileListPaths = (
			);
			inputPaths = (
				"${PODS_PODFILE_DIR_PATH}/Podfile.lock",
				"${PODS_ROOT}/Manifest.lock",
			);
			name = "[CP] Check Pods Manifest.lock";
			outputFileListPaths = (
			);
			outputPaths = (
				"$(DERIVED_FILE_DIR)/Pods-Prime Dictation-checkManifestLockResult.txt",
			);
			runOnlyForDeploymentPostprocessing = 0;
			shellPath = /bin/sh;
			shellScript = "diff \"${PODS_PODFILE_DIR_PATH}/Podfile.lock\" \"${PODS_ROOT}/Manifest.lock\" > /dev/null\nif [ $? != 0 ] ; then\n    # print error to STDERR\n    echo \"error: The sandbox is not in sync with the Podfile.lock. Run 'pod install' or update your CocoaPods installation.\" >&2\n    exit 1\nfi\n# This output is used by Xcode 'outputs' to avoid re-running this script phase.\necho \"SUCCESS\" > \"${SCRIPT_OUTPUT_FILE_0}\"\n";
			showEnvVarsInLog = 0;
		};
/* End PBXShellScriptBuildPhase section */

/* Begin PBXSourcesBuildPhase section */
		034182F622EE36B300670DD1 /* Sources */ = {
			isa = PBXSourcesBuildPhase;
			buildActionMask = 2147483647;
			files = (
				0341830022EE36B300670DD1 /* ViewController.swift in Sources */,
				03C69A6122FE0083005D8AD1 /* Stopwatch.swift in Sources */,
				034182FE22EE36B300670DD1 /* AppDelegate.swift in Sources */,
			);
			runOnlyForDeploymentPostprocessing = 0;
		};
/* End PBXSourcesBuildPhase section */

/* Begin PBXVariantGroup section */
		0341830122EE36B300670DD1 /* Main.storyboard */ = {
			isa = PBXVariantGroup;
			children = (
				0341830222EE36B300670DD1 /* Base */,
			);
			name = Main.storyboard;
			sourceTree = "<group>";
		};
		0341830622EE36B300670DD1 /* LaunchScreen.storyboard */ = {
			isa = PBXVariantGroup;
			children = (
				0341830722EE36B300670DD1 /* Base */,
			);
			name = LaunchScreen.storyboard;
			sourceTree = "<group>";
		};
/* End PBXVariantGroup section */

/* Begin XCBuildConfiguration section */
		0341830A22EE36B300670DD1 /* Debug */ = {
			isa = XCBuildConfiguration;
			buildSettings = {
				ALWAYS_SEARCH_USER_PATHS = NO;
				CLANG_ALLOW_NON_MODULAR_INCLUDES_IN_FRAMEWORK_MODULES = YES;
				CLANG_ANALYZER_NONNULL = YES;
				CLANG_ANALYZER_NUMBER_OBJECT_CONVERSION = YES_AGGRESSIVE;
				CLANG_CXX_LANGUAGE_STANDARD = "gnu++14";
				CLANG_CXX_LIBRARY = "libc++";
				CLANG_ENABLE_MODULES = YES;
				CLANG_ENABLE_OBJC_ARC = YES;
				CLANG_ENABLE_OBJC_WEAK = YES;
				CLANG_WARN_BLOCK_CAPTURE_AUTORELEASING = YES;
				CLANG_WARN_BOOL_CONVERSION = YES;
				CLANG_WARN_COMMA = YES;
				CLANG_WARN_CONSTANT_CONVERSION = YES;
				CLANG_WARN_DEPRECATED_OBJC_IMPLEMENTATIONS = YES;
				CLANG_WARN_DIRECT_OBJC_ISA_USAGE = YES_ERROR;
				CLANG_WARN_DOCUMENTATION_COMMENTS = YES;
				CLANG_WARN_EMPTY_BODY = YES;
				CLANG_WARN_ENUM_CONVERSION = YES;
				CLANG_WARN_INFINITE_RECURSION = YES;
				CLANG_WARN_INT_CONVERSION = YES;
				CLANG_WARN_NON_LITERAL_NULL_CONVERSION = YES;
				CLANG_WARN_OBJC_IMPLICIT_RETAIN_SELF = YES;
				CLANG_WARN_OBJC_LITERAL_CONVERSION = YES;
				CLANG_WARN_OBJC_ROOT_CLASS = YES_ERROR;
				CLANG_WARN_QUOTED_INCLUDE_IN_FRAMEWORK_HEADER = YES;
				CLANG_WARN_RANGE_LOOP_ANALYSIS = YES;
				CLANG_WARN_STRICT_PROTOTYPES = YES;
				CLANG_WARN_SUSPICIOUS_MOVE = YES;
				CLANG_WARN_UNGUARDED_AVAILABILITY = YES_AGGRESSIVE;
				CLANG_WARN_UNREACHABLE_CODE = YES;
				CLANG_WARN__DUPLICATE_METHOD_MATCH = YES;
				CODE_SIGN_IDENTITY = "iPhone Developer";
				COPY_PHASE_STRIP = NO;
				DEBUG_INFORMATION_FORMAT = dwarf;
				ENABLE_STRICT_OBJC_MSGSEND = YES;
				ENABLE_TESTABILITY = YES;
				GCC_C_LANGUAGE_STANDARD = gnu11;
				GCC_DYNAMIC_NO_PIC = NO;
				GCC_NO_COMMON_BLOCKS = YES;
				GCC_OPTIMIZATION_LEVEL = 0;
				GCC_PREPROCESSOR_DEFINITIONS = (
					"DEBUG=1",
					"$(inherited)",
				);
				GCC_WARN_64_TO_32_BIT_CONVERSION = YES;
				GCC_WARN_ABOUT_RETURN_TYPE = YES_ERROR;
				GCC_WARN_UNDECLARED_SELECTOR = YES;
				GCC_WARN_UNINITIALIZED_AUTOS = YES_AGGRESSIVE;
				GCC_WARN_UNUSED_FUNCTION = YES;
				GCC_WARN_UNUSED_VARIABLE = YES;
				IPHONEOS_DEPLOYMENT_TARGET = 12.4;
				MTL_ENABLE_DEBUG_INFO = INCLUDE_SOURCE;
				MTL_FAST_MATH = YES;
				ONLY_ACTIVE_ARCH = YES;
				SDKROOT = iphoneos;
				SWIFT_ACTIVE_COMPILATION_CONDITIONS = DEBUG;
				SWIFT_OPTIMIZATION_LEVEL = "-Onone";
			};
			name = Debug;
		};
		0341830B22EE36B300670DD1 /* Release */ = {
			isa = XCBuildConfiguration;
			buildSettings = {
				ALWAYS_SEARCH_USER_PATHS = NO;
				CLANG_ALLOW_NON_MODULAR_INCLUDES_IN_FRAMEWORK_MODULES = YES;
				CLANG_ANALYZER_NONNULL = YES;
				CLANG_ANALYZER_NUMBER_OBJECT_CONVERSION = YES_AGGRESSIVE;
				CLANG_CXX_LANGUAGE_STANDARD = "gnu++14";
				CLANG_CXX_LIBRARY = "libc++";
				CLANG_ENABLE_MODULES = YES;
				CLANG_ENABLE_OBJC_ARC = YES;
				CLANG_ENABLE_OBJC_WEAK = YES;
				CLANG_WARN_BLOCK_CAPTURE_AUTORELEASING = YES;
				CLANG_WARN_BOOL_CONVERSION = YES;
				CLANG_WARN_COMMA = YES;
				CLANG_WARN_CONSTANT_CONVERSION = YES;
				CLANG_WARN_DEPRECATED_OBJC_IMPLEMENTATIONS = YES;
				CLANG_WARN_DIRECT_OBJC_ISA_USAGE = YES_ERROR;
				CLANG_WARN_DOCUMENTATION_COMMENTS = YES;
				CLANG_WARN_EMPTY_BODY = YES;
				CLANG_WARN_ENUM_CONVERSION = YES;
				CLANG_WARN_INFINITE_RECURSION = YES;
				CLANG_WARN_INT_CONVERSION = YES;
				CLANG_WARN_NON_LITERAL_NULL_CONVERSION = YES;
				CLANG_WARN_OBJC_IMPLICIT_RETAIN_SELF = YES;
				CLANG_WARN_OBJC_LITERAL_CONVERSION = YES;
				CLANG_WARN_OBJC_ROOT_CLASS = YES_ERROR;
				CLANG_WARN_QUOTED_INCLUDE_IN_FRAMEWORK_HEADER = YES;
				CLANG_WARN_RANGE_LOOP_ANALYSIS = YES;
				CLANG_WARN_STRICT_PROTOTYPES = YES;
				CLANG_WARN_SUSPICIOUS_MOVE = YES;
				CLANG_WARN_UNGUARDED_AVAILABILITY = YES_AGGRESSIVE;
				CLANG_WARN_UNREACHABLE_CODE = YES;
				CLANG_WARN__DUPLICATE_METHOD_MATCH = YES;
				CODE_SIGN_IDENTITY = "iPhone Developer";
				COPY_PHASE_STRIP = NO;
				DEBUG_INFORMATION_FORMAT = "dwarf-with-dsym";
				ENABLE_NS_ASSERTIONS = NO;
				ENABLE_STRICT_OBJC_MSGSEND = YES;
				GCC_C_LANGUAGE_STANDARD = gnu11;
				GCC_NO_COMMON_BLOCKS = YES;
				GCC_WARN_64_TO_32_BIT_CONVERSION = YES;
				GCC_WARN_ABOUT_RETURN_TYPE = YES_ERROR;
				GCC_WARN_UNDECLARED_SELECTOR = YES;
				GCC_WARN_UNINITIALIZED_AUTOS = YES_AGGRESSIVE;
				GCC_WARN_UNUSED_FUNCTION = YES;
				GCC_WARN_UNUSED_VARIABLE = YES;
				IPHONEOS_DEPLOYMENT_TARGET = 12.4;
				MTL_ENABLE_DEBUG_INFO = NO;
				MTL_FAST_MATH = YES;
				SDKROOT = iphoneos;
				SWIFT_COMPILATION_MODE = wholemodule;
				SWIFT_OPTIMIZATION_LEVEL = "-O";
				VALIDATE_PRODUCT = YES;
			};
			name = Release;
		};
		0341830D22EE36B300670DD1 /* Debug */ = {
			isa = XCBuildConfiguration;
			baseConfigurationReference = 104DBC6A9FA919AA81D98E13 /* Pods-Prime Dictation.debug.xcconfig */;
			buildSettings = {
				ASSETCATALOG_COMPILER_APPICON_NAME = AppIcon;
				CODE_SIGN_ENTITLEMENTS = "Prime Dictation/Prime Dictation.entitlements";
				CODE_SIGN_IDENTITY = "iPhone Developer";
				CODE_SIGN_STYLE = Automatic;
				CURRENT_PROJECT_VERSION = 1;
				DEVELOPMENT_TEAM = 7JG2927ZK8;
				INFOPLIST_FILE = "Prime Dictation/Info.plist";
				IPHONEOS_DEPLOYMENT_TARGET = 12.4;
				LD_RUNPATH_SEARCH_PATHS = (
					"$(inherited)",
					"@executable_path/Frameworks",
				);
				MARKETING_VERSION = 1.3;
				PRODUCT_BUNDLE_IDENTIFIER = "com.BryceAlbertazzi.Prime-Dictation";
				PRODUCT_NAME = "$(TARGET_NAME)";
				PROVISIONING_PROFILE_SPECIFIER = "";
				SWIFT_VERSION = 5.0;
				TARGETED_DEVICE_FAMILY = "1,2";
			};
			name = Debug;
		};
		0341830E22EE36B300670DD1 /* Release */ = {
			isa = XCBuildConfiguration;
			baseConfigurationReference = 54C213373036C1D959A750D3 /* Pods-Prime Dictation.release.xcconfig */;
			buildSettings = {
				ASSETCATALOG_COMPILER_APPICON_NAME = AppIcon;
				CODE_SIGN_ENTITLEMENTS = "Prime Dictation/Prime Dictation.entitlements";
				CODE_SIGN_IDENTITY = "iPhone Developer";
				CODE_SIGN_STYLE = Automatic;
				CURRENT_PROJECT_VERSION = 1;
				DEVELOPMENT_TEAM = 7JG2927ZK8;
				INFOPLIST_FILE = "Prime Dictation/Info.plist";
				IPHONEOS_DEPLOYMENT_TARGET = 12.4;
				LD_RUNPATH_SEARCH_PATHS = (
					"$(inherited)",
					"@executable_path/Frameworks",
				);
				MARKETING_VERSION = 1.3;
				PRODUCT_BUNDLE_IDENTIFIER = "com.BryceAlbertazzi.Prime-Dictation";
				PRODUCT_NAME = "$(TARGET_NAME)";
				PROVISIONING_PROFILE_SPECIFIER = "";
				SWIFT_VERSION = 5.0;
				TARGETED_DEVICE_FAMILY = "1,2";
			};
			name = Release;
		};
/* End XCBuildConfiguration section */

/* Begin XCConfigurationList section */
		034182F522EE36B300670DD1 /* Build configuration list for PBXProject "Prime Dictation" */ = {
			isa = XCConfigurationList;
			buildConfigurations = (
				0341830A22EE36B300670DD1 /* Debug */,
				0341830B22EE36B300670DD1 /* Release */,
			);
			defaultConfigurationIsVisible = 0;
			defaultConfigurationName = Release;
		};
		0341830C22EE36B300670DD1 /* Build configuration list for PBXNativeTarget "Prime Dictation" */ = {
			isa = XCConfigurationList;
			buildConfigurations = (
				0341830D22EE36B300670DD1 /* Debug */,
				0341830E22EE36B300670DD1 /* Release */,
			);
			defaultConfigurationIsVisible = 0;
			defaultConfigurationName = Release;
		};
/* End XCConfigurationList section */
	};
	rootObject = 034182F222EE36B300670DD1 /* Project object */;
}
